
Microsoft Visual Studio Solution File, Format Version 12.00
# Visual Studio Version 17
VisualStudioVersion = 17.8.34322.80
MinimumVisualStudioVersion = 10.0.40219.1
Project("{9A19103F-16F7-4668-BE54-9A1E7A4F7556}") = "2023-Assignment3-caenders", "SemesterYear-Assignment3-caenders\2023-Assignment3-caenders.csproj", "{1278B2EF-C82E-4DDF-AD74-CDA36DBF9C40}"
EndProject
Global
	GlobalSection(SolutionConfigurationPlatforms) = preSolution
		Debug|Any CPU = Debug|Any CPU
		Release|Any CPU = Release|Any CPU
	EndGlobalSection
	GlobalSection(ProjectConfigurationPlatforms) = postSolution
		{1278B2EF-C82E-4DDF-AD74-CDA36DBF9C40}.Debug|Any CPU.ActiveCfg = Debug|Any CPU
		{1278B2EF-C82E-4DDF-AD74-CDA36DBF9C40}.Debug|Any CPU.Build.0 = Debug|Any CPU
		{1278B2EF-C82E-4DDF-AD74-CDA36DBF9C40}.Release|Any CPU.ActiveCfg = Release|Any CPU
		{1278B2EF-C82E-4DDF-AD74-CDA36DBF9C40}.Release|Any CPU.Build.0 = Release|Any CPU
	EndGlobalSection
	GlobalSection(SolutionProperties) = preSolution
		HideSolutionNode = FALSE
	EndGlobalSection
	GlobalSection(ExtensibilityGlobals) = postSolution
		SolutionGuid = {78D097F6-0617-4F65-9004-51A0F6E2FD1D}
	EndGlobalSection
EndGlobal
